
Microsoft Visual Studio Solution File, Format Version 12.00
# Visual Studio Version 16
VisualStudioVersion = 16.0.30114.105
MinimumVisualStudioVersion = 10.0.40219.1
Project("{FAE04EC0-301F-11D3-BF4B-00C04F79EFBC}") = "Tracing.Api", "Tracing.Api\Tracing.Api.csproj", "{AED5ECE0-1318-44C6-A2D8-C3036C372395}"
EndProject
Project("{FAE04EC0-301F-11D3-BF4B-00C04F79EFBC}") = "Tracing.Application", "Tracing.Application\Tracing.Application.csproj", "{9A249B6B-0D6D-49F6-964B-FE6526755A21}"
EndProject
Project("{FAE04EC0-301F-11D3-BF4B-00C04F79EFBC}") = "Tracing.Contracts", "Tracing.Contracts\Tracing.Contracts.csproj", "{C75DD8A1-39A4-49D2-832C-233324A99635}"
EndProject
Project("{FAE04EC0-301F-11D3-BF4B-00C04F79EFBC}") = "Tracing.Domain", "Tracing.Domain\Tracing.Domain.csproj", "{C75603A6-A73B-4B5E-A5A6-AE6A2E7A36AA}"
EndProject
Project("{FAE04EC0-301F-11D3-BF4B-00C04F79EFBC}") = "Tracing.Infrastructure", "Tracing.Infrastructure\Tracing.Infrastructure.csproj", "{82EF3230-8D7B-43A3-A9B1-7AFFEF74B5C7}"
EndProject
Global
	GlobalSection(SolutionConfigurationPlatforms) = preSolution
		Debug|Any CPU = Debug|Any CPU
		Release|Any CPU = Release|Any CPU
	EndGlobalSection
	GlobalSection(SolutionProperties) = preSolution
		HideSolutionNode = FALSE
	EndGlobalSection
	GlobalSection(ProjectConfigurationPlatforms) = postSolution
		{AED5ECE0-1318-44C6-A2D8-C3036C372395}.Debug|Any CPU.ActiveCfg = Debug|Any CPU
		{AED5ECE0-1318-44C6-A2D8-C3036C372395}.Debug|Any CPU.Build.0 = Debug|Any CPU
		{AED5ECE0-1318-44C6-A2D8-C3036C372395}.Release|Any CPU.ActiveCfg = Release|Any CPU
		{AED5ECE0-1318-44C6-A2D8-C3036C372395}.Release|Any CPU.Build.0 = Release|Any CPU
		{9A249B6B-0D6D-49F6-964B-FE6526755A21}.Debug|Any CPU.ActiveCfg = Debug|Any CPU
		{9A249B6B-0D6D-49F6-964B-FE6526755A21}.Debug|Any CPU.Build.0 = Debug|Any CPU
		{9A249B6B-0D6D-49F6-964B-FE6526755A21}.Release|Any CPU.ActiveCfg = Release|Any CPU
		{9A249B6B-0D6D-49F6-964B-FE6526755A21}.Release|Any CPU.Build.0 = Release|Any CPU
		{C75DD8A1-39A4-49D2-832C-233324A99635}.Debug|Any CPU.ActiveCfg = Debug|Any CPU
		{C75DD8A1-39A4-49D2-832C-233324A99635}.Debug|Any CPU.Build.0 = Debug|Any CPU
		{C75DD8A1-39A4-49D2-832C-233324A99635}.Release|Any CPU.ActiveCfg = Release|Any CPU
		{C75DD8A1-39A4-49D2-832C-233324A99635}.Release|Any CPU.Build.0 = Release|Any CPU
		{C75603A6-A73B-4B5E-A5A6-AE6A2E7A36AA}.Debug|Any CPU.ActiveCfg = Debug|Any CPU
		{C75603A6-A73B-4B5E-A5A6-AE6A2E7A36AA}.Debug|Any CPU.Build.0 = Debug|Any CPU
		{C75603A6-A73B-4B5E-A5A6-AE6A2E7A36AA}.Release|Any CPU.ActiveCfg = Release|Any CPU
		{C75603A6-A73B-4B5E-A5A6-AE6A2E7A36AA}.Release|Any CPU.Build.0 = Release|Any CPU
		{82EF3230-8D7B-43A3-A9B1-7AFFEF74B5C7}.Debug|Any CPU.ActiveCfg = Debug|Any CPU
		{82EF3230-8D7B-43A3-A9B1-7AFFEF74B5C7}.Debug|Any CPU.Build.0 = Debug|Any CPU
		{82EF3230-8D7B-43A3-A9B1-7AFFEF74B5C7}.Release|Any CPU.ActiveCfg = Release|Any CPU
		{82EF3230-8D7B-43A3-A9B1-7AFFEF74B5C7}.Release|Any CPU.Build.0 = Release|Any CPU
	EndGlobalSection
EndGlobal
